
Microsoft Visual Studio Solution File, Format Version 12.00
# Visual Studio 2012
Project("{FAE04EC0-301F-11D3-BF4B-00C04F79EFBC}") = "FA_BusEntity", "FA_BusEntity\FA_BusEntity.csproj", "{542744C7-AF05-4E50-AA5C-F57947B5517E}"
EndProject
Project("{FAE04EC0-301F-11D3-BF4B-00C04F79EFBC}") = "FA_DALayer", "FA_DALayer\FA_DALayer.csproj", "{C7DBBD77-CA7C-471D-A609-0B6ED54C68A9}"
	ProjectSection(ProjectDependencies) = postProject
		{542744C7-AF05-4E50-AA5C-F57947B5517E} = {542744C7-AF05-4E50-AA5C-F57947B5517E}
	EndProjectSection
EndProject
Global
	GlobalSection(SolutionConfigurationPlatforms) = preSolution
		Debug|Any CPU = Debug|Any CPU
		Release|Any CPU = Release|Any CPU
	EndGlobalSection
	GlobalSection(ProjectConfigurationPlatforms) = postSolution
		{542744C7-AF05-4E50-AA5C-F57947B5517E}.Debug|Any CPU.ActiveCfg = Debug|Any CPU
		{542744C7-AF05-4E50-AA5C-F57947B5517E}.Debug|Any CPU.Build.0 = Debug|Any CPU
		{542744C7-AF05-4E50-AA5C-F57947B5517E}.Release|Any CPU.ActiveCfg = Release|Any CPU
		{542744C7-AF05-4E50-AA5C-F57947B5517E}.Release|Any CPU.Build.0 = Release|Any CPU
		{C7DBBD77-CA7C-471D-A609-0B6ED54C68A9}.Debug|Any CPU.ActiveCfg = Debug|Any CPU
		{C7DBBD77-CA7C-471D-A609-0B6ED54C68A9}.Debug|Any CPU.Build.0 = Debug|Any CPU
		{C7DBBD77-CA7C-471D-A609-0B6ED54C68A9}.Release|Any CPU.ActiveCfg = Release|Any CPU
		{C7DBBD77-CA7C-471D-A609-0B6ED54C68A9}.Release|Any CPU.Build.0 = Release|Any CPU
	EndGlobalSection
	GlobalSection(SolutionProperties) = preSolution
		HideSolutionNode = FALSE
	EndGlobalSection
EndGlobal
