
Microsoft Visual Studio Solution File, Format Version 12.00
# Visual Studio 2012
Project("{FAE04EC0-301F-11D3-BF4B-00C04F79EFBC}") = "S3GDALayer", "S3GDALayer\S3GDALayer.csproj", "{AF942B28-C7C0-4ED1-91C9-7528B99645AA}"
	ProjectSection(ProjectDependencies) = postProject
		{F930A34E-EF85-40B3-A541-412EEDB533CE} = {F930A34E-EF85-40B3-A541-412EEDB533CE}
	EndProjectSection
EndProject
Project("{FAE04EC0-301F-11D3-BF4B-00C04F79EFBC}") = "S3GBusEntity", "S3GBusEntity\S3GBusEntity.csproj", "{F930A34E-EF85-40B3-A541-412EEDB533CE}"
EndProject
Global
	GlobalSection(SolutionConfigurationPlatforms) = preSolution
		Debug|.NET = Debug|.NET
		Debug|Any CPU = Debug|Any CPU
		Debug|Mixed Platforms = Debug|Mixed Platforms
		Release|.NET = Release|.NET
		Release|Any CPU = Release|Any CPU
		Release|Mixed Platforms = Release|Mixed Platforms
	EndGlobalSection
	GlobalSection(ProjectConfigurationPlatforms) = postSolution
		{AF942B28-C7C0-4ED1-91C9-7528B99645AA}.Debug|.NET.ActiveCfg = Debug|Any CPU
		{AF942B28-C7C0-4ED1-91C9-7528B99645AA}.Debug|Any CPU.ActiveCfg = Debug|Any CPU
		{AF942B28-C7C0-4ED1-91C9-7528B99645AA}.Debug|Any CPU.Build.0 = Debug|Any CPU
		{AF942B28-C7C0-4ED1-91C9-7528B99645AA}.Debug|Mixed Platforms.ActiveCfg = Debug|Any CPU
		{AF942B28-C7C0-4ED1-91C9-7528B99645AA}.Debug|Mixed Platforms.Build.0 = Debug|Any CPU
		{AF942B28-C7C0-4ED1-91C9-7528B99645AA}.Release|.NET.ActiveCfg = Release|Any CPU
		{AF942B28-C7C0-4ED1-91C9-7528B99645AA}.Release|Any CPU.ActiveCfg = Release|Any CPU
		{AF942B28-C7C0-4ED1-91C9-7528B99645AA}.Release|Any CPU.Build.0 = Release|Any CPU
		{AF942B28-C7C0-4ED1-91C9-7528B99645AA}.Release|Mixed Platforms.ActiveCfg = Release|Any CPU
		{AF942B28-C7C0-4ED1-91C9-7528B99645AA}.Release|Mixed Platforms.Build.0 = Release|Any CPU
		{F930A34E-EF85-40B3-A541-412EEDB533CE}.Debug|.NET.ActiveCfg = Debug|Any CPU
		{F930A34E-EF85-40B3-A541-412EEDB533CE}.Debug|Any CPU.ActiveCfg = Debug|Any CPU
		{F930A34E-EF85-40B3-A541-412EEDB533CE}.Debug|Any CPU.Build.0 = Debug|Any CPU
		{F930A34E-EF85-40B3-A541-412EEDB533CE}.Debug|Mixed Platforms.ActiveCfg = Debug|Any CPU
		{F930A34E-EF85-40B3-A541-412EEDB533CE}.Debug|Mixed Platforms.Build.0 = Debug|Any CPU
		{F930A34E-EF85-40B3-A541-412EEDB533CE}.Release|.NET.ActiveCfg = Release|Any CPU
		{F930A34E-EF85-40B3-A541-412EEDB533CE}.Release|Any CPU.ActiveCfg = Release|Any CPU
		{F930A34E-EF85-40B3-A541-412EEDB533CE}.Release|Any CPU.Build.0 = Release|Any CPU
		{F930A34E-EF85-40B3-A541-412EEDB533CE}.Release|Mixed Platforms.ActiveCfg = Release|Any CPU
		{F930A34E-EF85-40B3-A541-412EEDB533CE}.Release|Mixed Platforms.Build.0 = Release|Any CPU
	EndGlobalSection
	GlobalSection(SolutionProperties) = preSolution
		HideSolutionNode = FALSE
	EndGlobalSection
EndGlobal
